{
  "name": "saferemove",
  "version": "0.11.0",
  "lockfileVersion": 3,
  "requires": true,
  "packages": {
    "": {
      "name": "saferemove",
      "version": "0.11.0",
      "hasInstallScript": true,
      "license": "MIT",
      "bin": {
        "saferm": "bin/saferm"
      },
      "engines": {
        "node": ">=22"
      }
    }
  }
}
